PODS:
  - Alamofire (4.8.2)
  - AlamofireImage (3.5.2):
    - Alamofire (~> 4.8)
  - CrossroadRegex (1.1.0)
  - Firebase/Core (6.2.0):
    - Firebase/CoreOnly
    - FirebaseAnalytics (= 6.0.1)
  - Firebase/CoreOnly (6.2.0):
    - FirebaseCore (= 6.0.2)
  - FirebaseAnalytics (6.0.1):
    - FirebaseCore (~> 6.0)
    - FirebaseInstanceID (~> 4.1)
    - GoogleAppMeasurement (= 6.0.1)
    - GoogleUtilities/AppDelegateSwizzler (~> 6.0)
    - GoogleUtilities/MethodSwizzler (~> 6.0)
    - GoogleUtilities/Network (~> 6.0)
    - "GoogleUtilities/NSData+zlib (~> 6.0)"
    - nanopb (~> 0.3)
  - FirebaseCore (6.0.2):
    - GoogleUtilities/Environment (~> 6.0)
    - GoogleUtilities/Logger (~> 6.0)
  - FirebaseInstanceID (4.1.1):
    - FirebaseCore (~> 6.0)
    - GoogleUtilities/Environment (~> 6.0)
    - GoogleUtilities/UserDefaults (~> 6.0)
  - GoogleAppMeasurement (6.0.1):
    - GoogleUtilities/AppDelegateSwizzler (~> 6.0)
    - GoogleUtilities/MethodSwizzler (~> 6.0)
    - GoogleUtilities/Network (~> 6.0)
    - "GoogleUtilities/NSData+zlib (~> 6.0)"
    - nanopb (~> 0.3)
  - GoogleUtilities/AppDelegateSwizzler (6.2.0):
    - GoogleUtilities/Environment
    - GoogleUtilities/Logger
    - GoogleUtilities/Network
  - GoogleUtilities/Environment (6.2.0)
  - GoogleUtilities/Logger (6.2.0):
    - GoogleUtilities/Environment
  - GoogleUtilities/MethodSwizzler (6.2.0):
    - GoogleUtilities/Logger
  - GoogleUtilities/Network (6.2.0):
    - GoogleUtilities/Logger
    - "GoogleUtilities/NSData+zlib"
    - GoogleUtilities/Reachability
  - "GoogleUtilities/NSData+zlib (6.2.0)"
  - GoogleUtilities/Reachability (6.2.0):
    - GoogleUtilities/Logger
  - GoogleUtilities/UserDefaults (6.2.0):
    - GoogleUtilities/Logger
  - JGProgressHUD (2.0.3)
  - JXWebViewController (1.2.1)
  - Kanna (5.0.0)
  - KeychainAccess (3.2.0)
  - Ladybug (2.0.0)
  - nanopb (0.3.901):
    - nanopb/decode (= 0.3.901)
    - nanopb/encode (= 0.3.901)
  - nanopb/decode (0.3.901)
  - nanopb/encode (0.3.901)
  - SnapKit (5.0.0)
  - SwiftDate (6.0.3)
  - SwiftLint (0.33.0)
  - TUSafariActivity (1.0.4)
  - UIButtonSetBackgroundColorForState (0.1.0)

DEPENDENCIES:
  - Alamofire
  - AlamofireImage
  - CrossroadRegex
  - Firebase/Core
  - JGProgressHUD
  - JXWebViewController
  - Kanna
  - KeychainAccess
  - Ladybug
  - SnapKit
  - SwiftDate
  - SwiftLint
  - TUSafariActivity
  - UIButtonSetBackgroundColorForState

SPEC REPOS:
  https://github.com/cocoapods/specs.git:
    - Alamofire
    - AlamofireImage
    - CrossroadRegex
    - Firebase
    - FirebaseAnalytics
    - FirebaseCore
    - FirebaseInstanceID
    - GoogleAppMeasurement
    - GoogleUtilities
    - JGProgressHUD
    - JXWebViewController
    - Kanna
    - KeychainAccess
    - Ladybug
    - nanopb
    - SnapKit
    - SwiftDate
    - SwiftLint
    - TUSafariActivity
    - UIButtonSetBackgroundColorForState

SPEC CHECKSUMS:
  Alamofire: ae5c501addb7afdbb13687d7f2f722c78734c2d3
  AlamofireImage: 63cfe3baf1370be6c498149687cf6db3e3b00999
  CrossroadRegex: 5eaadb3f7b4014728f1cbd1014756b126c1dbd9a
  Firebase: 5965bac23e7fcb5fa6d926ed429c9ecef8a2014e
  FirebaseAnalytics: 629301c2b9925f3537d4093a17a72751ae5b7084
  FirebaseCore: b0f0262acebfa540e5f97b3832dbb13186980822
  FirebaseInstanceID: cdb3827746d53ece7ae87a5c51c25c3055443366
  GoogleAppMeasurement: 51d8d9ea48f0ca44484d29cfbdef976fbd4fc336
  GoogleUtilities: 996e0db07153674fd1b54b220fda3a3dc3547cba
  JGProgressHUD: 12b20a8f4ffe05258f8635c1ab92816e451f904d
  JXWebViewController: 939b9b9b104e53810e73dc51535294ded7c8abf0
  Kanna: a32875df62975f8f4b871e933b4ea1a5c3b8be0f
  KeychainAccess: 3b1bf8a77eb4c6ea1ce9404c292e48f948954c6b
  Ladybug: f445480856a4971ef401abcb14ff8ea2d1178785
  nanopb: 2901f78ea1b7b4015c860c2fdd1ea2fee1a18d48
  SnapKit: fd22d10eb9aff484d79a8724eab922c1ddf89bcf
  SwiftDate: 8d4f14bf1ef68e95094511504856547bf9e3e1a6
  SwiftLint: fed9c66336e41fc74dc48a73678380718f0c8b0e
  TUSafariActivity: afc55a00965377939107ce4fdc7f951f62454546
  UIButtonSetBackgroundColorForState: fcc963a30f972e15434bacebefe042033940a438

PODFILE CHECKSUM: 1ba160c94f80060d371bffecd8296d0a611dd9d2

COCOAPODS: 1.7.1
